dependencies:
- name: websocket-streamer
  repository: file://charts/websocket-streamer
  version: 0.1.0
- name: ohlcv-api
  repository: file://charts/ohlcv-api
  version: 0.1.0
- name: indicator
  repository: file://charts/indicator
  version: 0.1.0
digest: sha256:22b26a69ec1e409431dc83297b83abd36b6ad0355cad6ef4a0cf0f3c88a9e1f4
generated: "2025-04-17T22:36:50.23266496+05:30"
