dependencies:
- name: redis
  repository: file://charts/redis
  version: 17.17.1
- name: websocket-streamer
  repository: file://charts/websocket-streamer
  version: 0.1.0
- name: ohlcv-api
  repository: file://charts/ohlcv-api
  version: 0.1.0
- name: indicator
  repository: file://charts/indicator
  version: 0.1.0
digest: sha256:986250ea4fc4ede14378ea2b3b0f83a83c60aa773a16606a261edbcc3a1d0830
generated: "2025-04-17T14:49:14.400034558+05:30"
